// !$*UTF8*$!
{
	archiveVersion = 1;
	classes = {
	};
	objectVersion = 46;
	objects = {

/* Begin PBXBuildFile section */
		1D52D3B9153FE6BB00676D21 /* UIKit.framework in Frameworks */ = {isa = PBXBuildFile; fileRef = 1D52D3B8153FE6BB00676D21 /* UIKit.framework */; };
		1D52D3BB153FE6BB00676D21 /* Foundation.framework in Frameworks */ = {isa = PBXBuildFile; fileRef = 1D52D3BA153FE6BB00676D21 /* Foundation.framework */; };
		1D52D3BD153FE6BB00676D21 /* CoreGraphics.framework in Frameworks */ = {isa = PBXBuildFile; fileRef = 1D52D3BC153FE6BB00676D21 /* CoreGraphics.framework */; };
		1D52D3C3153FE6BB00676D21 /* InfoPlist.strings in Resources */ = {isa = PBXBuildFile; fileRef = 1D52D3C1153FE6BB00676D21 /* InfoPlist.strings */; };
		1D52D3C5153FE6BB00676D21 /* main.m in Sources */ = {isa = PBXBuildFile; fileRef = 1D52D3C4153FE6BB00676D21 /* main.m */; };
		1D52D3C9153FE6BB00676D21 /* AppDelegate.m in Sources */ = {isa = PBXBuildFile; fileRef = 1D52D3C8153FE6BB00676D21 /* AppDelegate.m */; };
		1D52D3CC153FE6BB00676D21 /* MainStoryboard_iPhone.storyboard in Resources */ = {isa = PBXBuildFile; fileRef = 1D52D3CA153FE6BB00676D21 /* MainStoryboard_iPhone.storyboard */; };
		1D52D3CF153FE6BB00676D21 /* MainStoryboard_iPad.storyboard in Resources */ = {isa = PBXBuildFile; fileRef = 1D52D3CD153FE6BB00676D21 /* MainStoryboard_iPad.storyboard */; };
		1D52D3DA153FE6BB00676D21 /* SenTestingKit.framework in Frameworks */ = {isa = PBXBuildFile; fileRef = 1D52D3D9153FE6BB00676D21 /* SenTestingKit.framework */; };
		1D52D3DB153FE6BB00676D21 /* UIKit.framework in Frameworks */ = {isa = PBXBuildFile; fileRef = 1D52D3B8153FE6BB00676D21 /* UIKit.framework */; };
		1D52D3DC153FE6BB00676D21 /* Foundation.framework in Frameworks */ = {isa = PBXBuildFile; fileRef = 1D52D3BA153FE6BB00676D21 /* Foundation.framework */; };
		1D52D3E4153FE6BB00676D21 /* InfoPlist.strings in Resources */ = {isa = PBXBuildFile; fileRef = 1D52D3E2153FE6BB00676D21 /* InfoPlist.strings */; };
		1D52D3E7153FE6BB00676D21 /* photoBrowserTests.m in Sources */ = {isa = PBXBuildFile; fileRef = 1D52D3E6153FE6BB00676D21 /* photoBrowserTests.m */; };
		1D52D3F2153FE70D00676D21 /* TableViewController.m in Sources */ = {isa = PBXBuildFile; fileRef = 1D52D3F1153FE70D00676D21 /* TableViewController.m */; };
		1D52D3F4154011EB00676D21 /* AssetsLibrary.framework in Frameworks */ = {isa = PBXBuildFile; fileRef = 1D52D3F3154011EB00676D21 /* AssetsLibrary.framework */; };
/* End PBXBuildFile section */

/* Begin PBXContainerItemProxy section */
		1D52D3DD153FE6BB00676D21 /* PBXContainerItemProxy */ = {
			isa = PBXContainerItemProxy;
			containerPortal = 1D52D3AB153FE6BB00676D21 /* Project object */;
			proxyType = 1;
			remoteGlobalIDString = 1D52D3B3153FE6BB00676D21;
			remoteInfo = photoBrowser;
		};
/* End PBXContainerItemProxy section */

/* Begin PBXFileReference section */
		1D52D3B4153FE6BB00676D21 /* photoBrowser.app */ = {isa = PBXFileReference; explicitFileType = wrapper.application; includeInIndex = 0; path = photoBrowser.app; sourceTree = BUILT_PRODUCTS_DIR; };
		1D52D3B8153FE6BB00676D21 /* UIKit.framework */ = {isa = PBXFileReference; lastKnownFileType = wrapper.framework; name = UIKit.framework; path = System/Library/Frameworks/UIKit.framework; sourceTree = SDKROOT; };
		1D52D3BA153FE6BB00676D21 /* Foundation.framework */ = {isa = PBXFileReference; lastKnownFileType = wrapper.framework; name = Foundation.framework; path = System/Library/Frameworks/Foundation.framework; sourceTree = SDKROOT; };
		1D52D3BC153FE6BB00676D21 /* CoreGraphics.framework */ = {isa = PBXFileReference; lastKnownFileType = wrapper.framework; name = CoreGraphics.framework; path = System/Library/Frameworks/CoreGraphics.framework; sourceTree = SDKROOT; };
		1D52D3C0153FE6BB00676D21 /* photoBrowser-Info.plist */ = {isa = PBXFileReference; lastKnownFileType = text.plist.xml; path = "photoBrowser-Info.plist"; sourceTree = "<group>"; };
		1D52D3C2153FE6BB00676D21 /* en */ = {isa = PBXFileReference; lastKnownFileType = text.plist.strings; name = en; path = en.lproj/InfoPlist.strings; sourceTree = "<group>"; };
		1D52D3C4153FE6BB00676D21 /* main.m */ = {isa = PBXFileReference; lastKnownFileType = sourcecode.c.objc; path = main.m; sourceTree = "<group>"; };
		1D52D3C6153FE6BB00676D21 /* photoBrowser-Prefix.pch */ = {isa = PBXFileReference; lastKnownFileType = sourcecode.c.h; path = "photoBrowser-Prefix.pch"; sourceTree = "<group>"; };
		1D52D3C7153FE6BB00676D21 /* AppDelegate.h */ = {isa = PBXFileReference; lastKnownFileType = sourcecode.c.h; path = AppDelegate.h; sourceTree = "<group>"; };
		1D52D3C8153FE6BB00676D21 /* AppDelegate.m */ = {isa = PBXFileReference; lastKnownFileType = sourcecode.c.objc; path = AppDelegate.m; sourceTree = "<group>"; };
		1D52D3CB153FE6BB00676D21 /* en */ = {isa = PBXFileReference; lastKnownFileType = file.storyboard; name = en; path = en.lproj/MainStoryboard_iPhone.storyboard; sourceTree = "<group>"; };
		1D52D3CE153FE6BB00676D21 /* en */ = {isa = PBXFileReference; lastKnownFileType = file.storyboard; name = en; path = en.lproj/MainStoryboard_iPad.storyboard; sourceTree = "<group>"; };
		1D52D3D8153FE6BB00676D21 /* photoBrowserTests.octest */ = {isa = PBXFileReference; explicitFileType = wrapper.cfbundle; includeInIndex = 0; path = photoBrowserTests.octest; sourceTree = BUILT_PRODUCTS_DIR; };
		1D52D3D9153FE6BB00676D21 /* SenTestingKit.framework */ = {isa = PBXFileReference; lastKnownFileType = wrapper.framework; name = SenTestingKit.framework; path = Library/Frameworks/SenTestingKit.framework; sourceTree = DEVELOPER_DIR; };
		1D52D3E1153FE6BB00676D21 /* photoBrowserTests-Info.plist */ = {isa = PBXFileReference; lastKnownFileType = text.plist.xml; path = "photoBrowserTests-Info.plist"; sourceTree = "<group>"; };
		1D52D3E3153FE6BB00676D21 /* en */ = {isa = PBXFileReference; lastKnownFileType = text.plist.strings; name = en; path = en.lproj/InfoPlist.strings; sourceTree = "<group>"; };
		1D52D3E5153FE6BB00676D21 /* photoBrowserTests.h */ = {isa = PBXFileReference; lastKnownFileType = sourcecode.c.h; path = photoBrowserTests.h; sourceTree = "<group>"; };
		1D52D3E6153FE6BB00676D21 /* photoBrowserTests.m */ = {isa = PBXFileReference; lastKnownFileType = sourcecode.c.objc; path = photoBrowserTests.m; sourceTree = "<group>"; };
		1D52D3F0153FE70D00676D21 /* TableViewController.h */ = {isa = PBXFileReference; fileEncoding = 4; lastKnownFileType = sourcecode.c.h; path = TableViewController.h; sourceTree = "<group>"; };
		1D52D3F1153FE70D00676D21 /* TableViewController.m */ = {isa = PBXFileReference; fileEncoding = 4; lastKnownFileType = sourcecode.c.objc; path = TableViewController.m; sourceTree = "<group>"; };
		1D52D3F3154011EB00676D21 /* AssetsLibrary.framework */ = {isa = PBXFileReference; lastKnownFileType = wrapper.framework; name = AssetsLibrary.framework; path = System/Library/Frameworks/AssetsLibrary.framework; sourceTree = SDKROOT; };
/* End PBXFileReference section */

/* Begin PBXFrameworksBuildPhase section */
		1D52D3B1153FE6BB00676D21 /* Frameworks */ = {
			isa = PBXFrameworksBuildPhase;
			buildActionMask = 2147483647;
			files = (
				1D52D3F4154011EB00676D21 /* AssetsLibrary.framework in Frameworks */,
				1D52D3B9153FE6BB00676D21 /* UIKit.framework in Frameworks */,
				1D52D3BB153FE6BB00676D21 /* Foundation.framework in Frameworks */,
				1D52D3BD153FE6BB00676D21 /* CoreGraphics.framework in Frameworks */,
			);
			runOnlyForDeploymentPostprocessing = 0;
		};
		1D52D3D4153FE6BB00676D21 /* Frameworks */ = {
			isa = PBXFrameworksBuildPhase;
			buildActionMask = 2147483647;
			files = (
				1D52D3DA153FE6BB00676D21 /* SenTestingKit.framework in Frameworks */,
				1D52D3DB153FE6BB00676D21 /* UIKit.framework in Frameworks */,
				1D52D3DC153FE6BB00676D21 /* Foundation.framework in Frameworks */,
			);
			runOnlyForDeploymentPostprocessing = 0;
		};
/* End PBXFrameworksBuildPhase section */

/* Begin PBXGroup section */
		1D52D3A9153FE6BB00676D21 = {
			isa = PBXGroup;
			children = (
				1D52D3BE153FE6BB00676D21 /* photoBrowser */,
				1D52D3DF153FE6BB00676D21 /* photoBrowserTests */,
				1D52D3B7153FE6BB00676D21 /* Frameworks */,
				1D52D3B5153FE6BB00676D21 /* Products */,
			);
			sourceTree = "<group>";
		};
		1D52D3B5153FE6BB00676D21 /* Products */ = {
			isa = PBXGroup;
			children = (
				1D52D3B4153FE6BB00676D21 /* photoBrowser.app */,
				1D52D3D8153FE6BB00676D21 /* photoBrowserTests.octest */,
			);
			name = Products;
			sourceTree = "<group>";
		};
		1D52D3B7153FE6BB00676D21 /* Frameworks */ = {
			isa = PBXGroup;
			children = (
				1D52D3F3154011EB00676D21 /* AssetsLibrary.framework */,
				1D52D3B8153FE6BB00676D21 /* UIKit.framework */,
				1D52D3BA153FE6BB00676D21 /* Foundation.framework */,
				1D52D3BC153FE6BB00676D21 /* CoreGraphics.framework */,
				1D52D3D9153FE6BB00676D21 /* SenTestingKit.framework */,
			);
			name = Frameworks;
			sourceTree = "<group>";
		};
		1D52D3BE153FE6BB00676D21 /* photoBrowser */ = {
			isa = PBXGroup;
			children = (
				1D52D3C7153FE6BB00676D21 /* AppDelegate.h */,
				1D52D3C8153FE6BB00676D21 /* AppDelegate.m */,
				1D52D3CA153FE6BB00676D21 /* MainStoryboard_iPhone.storyboard */,
				1D52D3F0153FE70D00676D21 /* TableViewController.h */,
				1D52D3F1153FE70D00676D21 /* TableViewController.m */,
				1D52D3CD153FE6BB00676D21 /* MainStoryboard_iPad.storyboard */,
				1D52D3BF153FE6BB00676D21 /* Supporting Files */,
			);
			path = photoBrowser;
			sourceTree = "<group>";
		};
		1D52D3BF153FE6BB00676D21 /* Supporting Files */ = {
			isa = PBXGroup;
			children = (
				1D52D3C0153FE6BB00676D21 /* photoBrowser-Info.plist */,
				1D52D3C1153FE6BB00676D21 /* InfoPlist.strings */,
				1D52D3C4153FE6BB00676D21 /* main.m */,
				1D52D3C6153FE6BB00676D21 /* photoBrowser-Prefix.pch */,
			);
			name = "Supporting Files";
			sourceTree = "<group>";
		};
		1D52D3DF153FE6BB00676D21 /* photoBrowserTests */ = {
			isa = PBXGroup;
			children = (
				1D52D3E5153FE6BB00676D21 /* photoBrowserTests.h */,
				1D52D3E6153FE6BB00676D21 /* photoBrowserTests.m */,
				1D52D3E0153FE6BB00676D21 /* Supporting Files */,
			);
			path = photoBrowserTests;
			sourceTree = "<group>";
		};
		1D52D3E0153FE6BB00676D21 /* Supporting Files */ = {
			isa = PBXGroup;
			children = (
				1D52D3E1153FE6BB00676D21 /* photoBrowserTests-Info.plist */,
				1D52D3E2153FE6BB00676D21 /* InfoPlist.strings */,
			);
			name = "Supporting Files";
			sourceTree = "<group>";
		};
/* End PBXGroup section */

/* Begin PBXNativeTarget section */
		1D52D3B3153FE6BB00676D21 /* photoBrowser */ = {
			isa = PBXNativeTarget;
			buildConfigurationList = 1D52D3EA153FE6BB00676D21 /* Build configuration list for PBXNativeTarget "photoBrowser" */;
			buildPhases = (
				1D52D3B0153FE6BB00676D21 /* Sources */,
				1D52D3B1153FE6BB00676D21 /* Frameworks */,
				1D52D3B2153FE6BB00676D21 /* Resources */,
			);
			buildRules = (
			);
			dependencies = (
			);
			name = photoBrowser;
			productName = photoBrowser;
			productReference = 1D52D3B4153FE6BB00676D21 /* photoBrowser.app */;
			productType = "com.apple.product-type.application";
		};
		1D52D3D7153FE6BB00676D21 /* photoBrowserTests */ = {
			isa = PBXNativeTarget;
			buildConfigurationList = 1D52D3ED153FE6BB00676D21 /* Build configuration list for PBXNativeTarget "photoBrowserTests" */;
			buildPhases = (
				1D52D3D3153FE6BB00676D21 /* Sources */,
				1D52D3D4153FE6BB00676D21 /* Frameworks */,
				1D52D3D5153FE6BB00676D21 /* Resources */,
				1D52D3D6153FE6BB00676D21 /* ShellScript */,
			);
			buildRules = (
			);
			dependencies = (
				1D52D3DE153FE6BB00676D21 /* PBXTargetDependency */,
			);
			name = photoBrowserTests;
			productName = photoBrowserTests;
			productReference = 1D52D3D8153FE6BB00676D21 /* photoBrowserTests.octest */;
			productType = "com.apple.product-type.bundle";
		};
/* End PBXNativeTarget section */

/* Begin PBXProject section */
		1D52D3AB153FE6BB00676D21 /* Project object */ = {
			isa = PBXProject;
			attributes = {
				LastUpgradeCheck = 0430;
			};
			buildConfigurationList = 1D52D3AE153FE6BB00676D21 /* Build configuration list for PBXProject "photoBrowser" */;
			compatibilityVersion = "Xcode 3.2";
			developmentRegion = English;
			hasScannedForEncodings = 0;
			knownRegions = (
				en,
			);
			mainGroup = 1D52D3A9153FE6BB00676D21;
			productRefGroup = 1D52D3B5153FE6BB00676D21 /* Products */;
			projectDirPath = "";
			projectRoot = "";
			targets = (
				1D52D3B3153FE6BB00676D21 /* photoBrowser */,
				1D52D3D7153FE6BB00676D21 /* photoBrowserTests */,
			);
		};
/* End PBXProject section */

/* Begin PBXResourcesBuildPhase section */
		1D52D3B2153FE6BB00676D21 /* Resources */ = {
			isa = PBXResourcesBuildPhase;
			buildActionMask = 2147483647;
			files = (
				1D52D3C3153FE6BB00676D21 /* InfoPlist.strings in Resources */,
				1D52D3CC153FE6BB00676D21 /* MainStoryboard_iPhone.storyboard in Resources */,
				1D52D3CF153FE6BB00676D21 /* MainStoryboard_iPad.storyboard in Resources */,
			);
			runOnlyForDeploymentPostprocessing = 0;
		};
		1D52D3D5153FE6BB00676D21 /* Resources */ = {
			isa = PBXResourcesBuildPhase;
			buildActionMask = 2147483647;
			files = (
				1D52D3E4153FE6BB00676D21 /* InfoPlist.strings in Resources */,
			);
			runOnlyForDeploymentPostprocessing = 0;
		};
/* End PBXResourcesBuildPhase section */

/* Begin PBXShellScriptBuildPhase section */
		1D52D3D6153FE6BB00676D21 /* ShellScript */ = {
			isa = PBXShellScriptBuildPhase;
			buildActionMask = 2147483647;
			files = (
			);
			inputPaths = (
			);
			outputPaths = (
			);
			runOnlyForDeploymentPostprocessing = 0;
			shellPath = /bin/sh;
			shellScript = "# Run the unit tests in this test bundle.\n\"${SYSTEM_DEVELOPER_DIR}/Tools/RunUnitTests\"\n";
		};
/* End PBXShellScriptBuildPhase section */

/* Begin PBXSourcesBuildPhase section */
		1D52D3B0153FE6BB00676D21 /* Sources */ = {
			isa = PBXSourcesBuildPhase;
			buildActionMask = 2147483647;
			files = (
				1D52D3C5153FE6BB00676D21 /* main.m in Sources */,
				1D52D3C9153FE6BB00676D21 /* AppDelegate.m in Sources */,
				1D52D3F2153FE70D00676D21 /* TableViewController.m in Sources */,
			);
			runOnlyForDeploymentPostprocessing = 0;
		};
		1D52D3D3153FE6BB00676D21 /* Sources */ = {
			isa = PBXSourcesBuildPhase;
			buildActionMask = 2147483647;
			files = (
				1D52D3E7153FE6BB00676D21 /* photoBrowserTests.m in Sources */,
			);
			runOnlyForDeploymentPostprocessing = 0;
		};
/* End PBXSourcesBuildPhase section */

/* Begin PBXTargetDependency section */
		1D52D3DE153FE6BB00676D21 /* PBXTargetDependency */ = {
			isa = PBXTargetDependency;
			target = 1D52D3B3153FE6BB00676D21 /* photoBrowser */;
			targetProxy = 1D52D3DD153FE6BB00676D21 /* PBXContainerItemProxy */;
		};
/* End PBXTargetDependency section */

/* Begin PBXVariantGroup section */
		1D52D3C1153FE6BB00676D21 /* InfoPlist.strings */ = {
			isa = PBXVariantGroup;
			children = (
				1D52D3C2153FE6BB00676D21 /* en */,
			);
			name = InfoPlist.strings;
			sourceTree = "<group>";
		};
		1D52D3CA153FE6BB00676D21 /* MainStoryboard_iPhone.storyboard */ = {
			isa = PBXVariantGroup;
			children = (
				1D52D3CB153FE6BB00676D21 /* en */,
			);
			name = MainStoryboard_iPhone.storyboard;
			sourceTree = "<group>";
		};
		1D52D3CD153FE6BB00676D21 /* MainStoryboard_iPad.storyboard */ = {
			isa = PBXVariantGroup;
			children = (
				1D52D3CE153FE6BB00676D21 /* en */,
			);
			name = MainStoryboard_iPad.storyboard;
			sourceTree = "<group>";
		};
		1D52D3E2153FE6BB00676D21 /* InfoPlist.strings */ = {
			isa = PBXVariantGroup;
			children = (
				1D52D3E3153FE6BB00676D21 /* en */,
			);
			name = InfoPlist.strings;
			sourceTree = "<group>";
		};
/* End PBXVariantGroup section */

/* Begin XCBuildConfiguration section */
		1D52D3E8153FE6BB00676D21 /* Debug */ = {
			isa = XCBuildConfiguration;
			buildSettings = {
				ALWAYS_SEARCH_USER_PATHS = NO;
				ARCHS = "$(ARCHS_STANDARD_32_BIT)";
				CLANG_ENABLE_OBJC_ARC = YES;
				"CODE_SIGN_IDENTITY[sdk=iphoneos*]" = "iPhone Developer";
				COPY_PHASE_STRIP = NO;
				GCC_C_LANGUAGE_STANDARD = gnu99;
				GCC_DYNAMIC_NO_PIC = NO;
				GCC_OPTIMIZATION_LEVEL = 0;
				GCC_PREPROCESSOR_DEFINITIONS = (
					"DEBUG=1",
					"$(inherited)",
				);
				GCC_SYMBOLS_PRIVATE_EXTERN = NO;
				GCC_VERSION = com.apple.compilers.llvm.clang.1_0;
				GCC_WARN_ABOUT_RETURN_TYPE = YES;
				GCC_WARN_UNINITIALIZED_AUTOS = YES;
				GCC_WARN_UNUSED_VARIABLE = YES;
				IPHONEOS_DEPLOYMENT_TARGET = 5.1;
				SDKROOT = iphoneos;
				TARGETED_DEVICE_FAMILY = "1,2";
			};
			name = Debug;
		};
		1D52D3E9153FE6BB00676D21 /* Release */ = {
			isa = XCBuildConfiguration;
			buildSettings = {
				ALWAYS_SEARCH_USER_PATHS = NO;
				ARCHS = "$(ARCHS_STANDARD_32_BIT)";
				CLANG_ENABLE_OBJC_ARC = YES;
				"CODE_SIGN_IDENTITY[sdk=iphoneos*]" = "iPhone Developer";
				COPY_PHASE_STRIP = YES;
				GCC_C_LANGUAGE_STANDARD = gnu99;
				GCC_VERSION = com.apple.compilers.llvm.clang.1_0;
				GCC_WARN_ABOUT_RETURN_TYPE = YES;
				GCC_WARN_UNINITIALIZED_AUTOS = YES;
				GCC_WARN_UNUSED_VARIABLE = YES;
				IPHONEOS_DEPLOYMENT_TARGET = 5.1;
				OTHER_CFLAGS = "-DNS_BLOCK_ASSERTIONS=1";
				SDKROOT = iphoneos;
				TARGETED_DEVICE_FAMILY = "1,2";
				VALIDATE_PRODUCT = YES;
			};
			name = Release;
		};
		1D52D3EB153FE6BB00676D21 /* Debug */ = {
			isa = XCBuildConfiguration;
			buildSettings = {
				GCC_PRECOMPILE_PREFIX_HEADER = YES;
				GCC_PREFIX_HEADER = "photoBrowser/photoBrowser-Prefix.pch";
				INFOPLIST_FILE = "photoBrowser/photoBrowser-Info.plist";
				PRODUCT_NAME = "$(TARGET_NAME)";
				WRAPPER_EXTENSION = app;
			};
			name = Debug;
		};
		1D52D3EC153FE6BB00676D21 /* Release */ = {
			isa = XCBuildConfiguration;
			buildSettings = {
				GCC_PRECOMPILE_PREFIX_HEADER = YES;
				GCC_PREFIX_HEADER = "photoBrowser/photoBrowser-Prefix.pch";
				INFOPLIST_FILE = "photoBrowser/photoBrowser-Info.plist";
				PRODUCT_NAME = "$(TARGET_NAME)";
				WRAPPER_EXTENSION = app;
			};
			name = Release;
		};
		1D52D3EE153FE6BB00676D21 /* Debug */ = {
			isa = XCBuildConfiguration;
			buildSettings = {
				BUNDLE_LOADER = "$(BUILT_PRODUCTS_DIR)/photoBrowser.app/photoBrowser";
				FRAMEWORK_SEARCH_PATHS = (
					"$(SDKROOT)/Developer/Library/Frameworks",
					"$(DEVELOPER_LIBRARY_DIR)/Frameworks",
				);
				GCC_PRECOMPILE_PREFIX_HEADER = YES;
				GCC_PREFIX_HEADER = "photoBrowser/photoBrowser-Prefix.pch";
				INFOPLIST_FILE = "photoBrowserTests/photoBrowserTests-Info.plist";
				PRODUCT_NAME = "$(TARGET_NAME)";
				TEST_HOST = "$(BUNDLE_LOADER)";
				WRAPPER_EXTENSION = octest;
			};
			name = Debug;
		};
		1D52D3EF153FE6BB00676D21 /* Release */ = {
			isa = XCBuildConfiguration;
			buildSettings = {
				BUNDLE_LOADER = "$(BUILT_PRODUCTS_DIR)/photoBrowser.app/photoBrowser";
				FRAMEWORK_SEARCH_PATHS = (
					"$(SDKROOT)/Developer/Library/Frameworks",
					"$(DEVELOPER_LIBRARY_DIR)/Frameworks",
				);
				GCC_PRECOMPILE_PREFIX_HEADER = YES;
				GCC_PREFIX_HEADER = "photoBrowser/photoBrowser-Prefix.pch";
				INFOPLIST_FILE = "photoBrowserTests/photoBrowserTests-Info.plist";
				PRODUCT_NAME = "$(TARGET_NAME)";
				TEST_HOST = "$(BUNDLE_LOADER)";
				WRAPPER_EXTENSION = octest;
			};
			name = Release;
		};
/* End XCBuildConfiguration section */

/* Begin XCConfigurationList section */
		1D52D3AE153FE6BB00676D21 /* Build configuration list for PBXProject "photoBrowser" */ = {
			isa = XCConfigurationList;
			buildConfigurations = (
				1D52D3E8153FE6BB00676D21 /* Debug */,
				1D52D3E9153FE6BB00676D21 /* Release */,
			);
			defaultConfigurationIsVisible = 0;
			defaultConfigurationName = Release;
		};
		1D52D3EA153FE6BB00676D21 /* Build configuration list for PBXNativeTarget "photoBrowser" */ = {
			isa = XCConfigurationList;
			buildConfigurations = (
				1D52D3EB153FE6BB00676D21 /* Debug */,
				1D52D3EC153FE6BB00676D21 /* Release */,
			);
			defaultConfigurationIsVisible = 0;
		};
		1D52D3ED153FE6BB00676D21 /* Build configuration list for PBXNativeTarget "photoBrowserTests" */ = {
			isa = XCConfigurationList;
			buildConfigurations = (
				1D52D3EE153FE6BB00676D21 /* Debug */,
				1D52D3EF153FE6BB00676D21 /* Release */,
			);
			defaultConfigurationIsVisible = 0;
		};
/* End XCConfigurationList section */
	};
	rootObject = 1D52D3AB153FE6BB00676D21 /* Project object */;
}
